{
  "name": "gravityball",
  "version": "1.0.0",
  "lockfileVersion": 1,
  "requires": true,
  "dependencies": {
    "celerxjs": {
      "version": "1.0.1",
      "resolved": "https://registry.npmjs.org/celerxjs/-/celerxjs-1.0.1.tgz",
      "integrity": "sha512-cWbK8Md6hBiMj6S0nv1q4lbRH8fp7ioiKX+BCEkkKWNqIHSWcjg7O4ykqLhwiQ/RTv31bJWXEepav26cBbZmjQ=="
    },
    "seed-random": {
      "version": "2.2.0",
      "resolved": "https://registry.npmjs.org/seed-random/-/seed-random-2.2.0.tgz",
      "integrity": "sha1-KpsZ4lCoFwmSMaW5mk2vgLf77VQ="
    }
  }
}
